
Microsoft Visual Studio Solution File, Format Version 12.00
# Visual Studio 15
VisualStudioVersion = 15.0.26124.0
MinimumVisualStudioVersion = 15.0.26124.0
Project("{FAE04EC0-301F-11D3-BF4B-00C04F79EFBC}") = "Store2Door.Repo", "Store2Door.Repo\Store2Door.Repo.csproj", "{E7CF6457-09A9-4050-A4E6-ABFBA0EF0596}"
EndProject
Project("{FAE04EC0-301F-11D3-BF4B-00C04F79EFBC}") = "Store2Door.Data", "Store2Door.Data\Store2Door.Data.csproj", "{D3D6D50C-5F66-4011-8136-AFE462FA2C51}"
EndProject
Project("{FAE04EC0-301F-11D3-BF4B-00C04F79EFBC}") = "Store2Door.Service", "Store2Door.Service\Store2Door.Service.csproj", "{4D7362BF-2937-4E80-B6ED-0F2BC6C8AB0C}"
EndProject
Project("{FAE04EC0-301F-11D3-BF4B-00C04F79EFBC}") = "Store2Door.API", "Store2Door.API\Store2Door.API.csproj", "{C62128C9-E915-40CD-B605-0CBCC34DCB65}"
EndProject
Global
	GlobalSection(SolutionConfigurationPlatforms) = preSolution
		Debug|Any CPU = Debug|Any CPU
		Debug|x64 = Debug|x64
		Debug|x86 = Debug|x86
		Release|Any CPU = Release|Any CPU
		Release|x64 = Release|x64
		Release|x86 = Release|x86
	EndGlobalSection
	GlobalSection(SolutionProperties) = preSolution
		HideSolutionNode = FALSE
	EndGlobalSection
	GlobalSection(ProjectConfigurationPlatforms) = postSolution
		{E7CF6457-09A9-4050-A4E6-ABFBA0EF0596}.Debug|Any CPU.ActiveCfg = Debug|Any CPU
		{E7CF6457-09A9-4050-A4E6-ABFBA0EF0596}.Debug|Any CPU.Build.0 = Debug|Any CPU
		{E7CF6457-09A9-4050-A4E6-ABFBA0EF0596}.Debug|x64.ActiveCfg = Debug|Any CPU
		{E7CF6457-09A9-4050-A4E6-ABFBA0EF0596}.Debug|x64.Build.0 = Debug|Any CPU
		{E7CF6457-09A9-4050-A4E6-ABFBA0EF0596}.Debug|x86.ActiveCfg = Debug|Any CPU
		{E7CF6457-09A9-4050-A4E6-ABFBA0EF0596}.Debug|x86.Build.0 = Debug|Any CPU
		{E7CF6457-09A9-4050-A4E6-ABFBA0EF0596}.Release|Any CPU.ActiveCfg = Release|Any CPU
		{E7CF6457-09A9-4050-A4E6-ABFBA0EF0596}.Release|Any CPU.Build.0 = Release|Any CPU
		{E7CF6457-09A9-4050-A4E6-ABFBA0EF0596}.Release|x64.ActiveCfg = Release|Any CPU
		{E7CF6457-09A9-4050-A4E6-ABFBA0EF0596}.Release|x64.Build.0 = Release|Any CPU
		{E7CF6457-09A9-4050-A4E6-ABFBA0EF0596}.Release|x86.ActiveCfg = Release|Any CPU
		{E7CF6457-09A9-4050-A4E6-ABFBA0EF0596}.Release|x86.Build.0 = Release|Any CPU
		{D3D6D50C-5F66-4011-8136-AFE462FA2C51}.Debug|Any CPU.ActiveCfg = Debug|Any CPU
		{D3D6D50C-5F66-4011-8136-AFE462FA2C51}.Debug|Any CPU.Build.0 = Debug|Any CPU
		{D3D6D50C-5F66-4011-8136-AFE462FA2C51}.Debug|x64.ActiveCfg = Debug|Any CPU
		{D3D6D50C-5F66-4011-8136-AFE462FA2C51}.Debug|x64.Build.0 = Debug|Any CPU
		{D3D6D50C-5F66-4011-8136-AFE462FA2C51}.Debug|x86.ActiveCfg = Debug|Any CPU
		{D3D6D50C-5F66-4011-8136-AFE462FA2C51}.Debug|x86.Build.0 = Debug|Any CPU
		{D3D6D50C-5F66-4011-8136-AFE462FA2C51}.Release|Any CPU.ActiveCfg = Release|Any CPU
		{D3D6D50C-5F66-4011-8136-AFE462FA2C51}.Release|Any CPU.Build.0 = Release|Any CPU
		{D3D6D50C-5F66-4011-8136-AFE462FA2C51}.Release|x64.ActiveCfg = Release|Any CPU
		{D3D6D50C-5F66-4011-8136-AFE462FA2C51}.Release|x64.Build.0 = Release|Any CPU
		{D3D6D50C-5F66-4011-8136-AFE462FA2C51}.Release|x86.ActiveCfg = Release|Any CPU
		{D3D6D50C-5F66-4011-8136-AFE462FA2C51}.Release|x86.Build.0 = Release|Any CPU
		{4D7362BF-2937-4E80-B6ED-0F2BC6C8AB0C}.Debug|Any CPU.ActiveCfg = Debug|Any CPU
		{4D7362BF-2937-4E80-B6ED-0F2BC6C8AB0C}.Debug|Any CPU.Build.0 = Debug|Any CPU
		{4D7362BF-2937-4E80-B6ED-0F2BC6C8AB0C}.Debug|x64.ActiveCfg = Debug|Any CPU
		{4D7362BF-2937-4E80-B6ED-0F2BC6C8AB0C}.Debug|x64.Build.0 = Debug|Any CPU
		{4D7362BF-2937-4E80-B6ED-0F2BC6C8AB0C}.Debug|x86.ActiveCfg = Debug|Any CPU
		{4D7362BF-2937-4E80-B6ED-0F2BC6C8AB0C}.Debug|x86.Build.0 = Debug|Any CPU
		{4D7362BF-2937-4E80-B6ED-0F2BC6C8AB0C}.Release|Any CPU.ActiveCfg = Release|Any CPU
		{4D7362BF-2937-4E80-B6ED-0F2BC6C8AB0C}.Release|Any CPU.Build.0 = Release|Any CPU
		{4D7362BF-2937-4E80-B6ED-0F2BC6C8AB0C}.Release|x64.ActiveCfg = Release|Any CPU
		{4D7362BF-2937-4E80-B6ED-0F2BC6C8AB0C}.Release|x64.Build.0 = Release|Any CPU
		{4D7362BF-2937-4E80-B6ED-0F2BC6C8AB0C}.Release|x86.ActiveCfg = Release|Any CPU
		{4D7362BF-2937-4E80-B6ED-0F2BC6C8AB0C}.Release|x86.Build.0 = Release|Any CPU
		{C62128C9-E915-40CD-B605-0CBCC34DCB65}.Debug|Any CPU.ActiveCfg = Debug|Any CPU
		{C62128C9-E915-40CD-B605-0CBCC34DCB65}.Debug|Any CPU.Build.0 = Debug|Any CPU
		{C62128C9-E915-40CD-B605-0CBCC34DCB65}.Debug|x64.ActiveCfg = Debug|Any CPU
		{C62128C9-E915-40CD-B605-0CBCC34DCB65}.Debug|x64.Build.0 = Debug|Any CPU
		{C62128C9-E915-40CD-B605-0CBCC34DCB65}.Debug|x86.ActiveCfg = Debug|Any CPU
		{C62128C9-E915-40CD-B605-0CBCC34DCB65}.Debug|x86.Build.0 = Debug|Any CPU
		{C62128C9-E915-40CD-B605-0CBCC34DCB65}.Release|Any CPU.ActiveCfg = Release|Any CPU
		{C62128C9-E915-40CD-B605-0CBCC34DCB65}.Release|Any CPU.Build.0 = Release|Any CPU
		{C62128C9-E915-40CD-B605-0CBCC34DCB65}.Release|x64.ActiveCfg = Release|Any CPU
		{C62128C9-E915-40CD-B605-0CBCC34DCB65}.Release|x64.Build.0 = Release|Any CPU
		{C62128C9-E915-40CD-B605-0CBCC34DCB65}.Release|x86.ActiveCfg = Release|Any CPU
		{C62128C9-E915-40CD-B605-0CBCC34DCB65}.Release|x86.Build.0 = Release|Any CPU
	EndGlobalSection
EndGlobal
